
Microsoft Visual Studio Solution File, Format Version 12.00
# Visual Studio Version 17
VisualStudioVersion = 17.7.34024.191
MinimumVisualStudioVersion = 10.0.40219.1
Project("{FAE04EC0-301F-11D3-BF4B-00C04F79EFBC}") = "Ishita 9ConsoleApp1", "Ishita 9ConsoleApp1\Ishita 9ConsoleApp1.csproj", "{28F31576-7EB7-4F3C-8953-7542BAEB27E5}"
EndProject
Global
	GlobalSection(SolutionConfigurationPlatforms) = preSolution
		Debug|Any CPU = Debug|Any CPU
		Release|Any CPU = Release|Any CPU
	EndGlobalSection
	GlobalSection(ProjectConfigurationPlatforms) = postSolution
		{28F31576-7EB7-4F3C-8953-7542BAEB27E5}.Debug|Any CPU.ActiveCfg = Debug|Any CPU
		{28F31576-7EB7-4F3C-8953-7542BAEB27E5}.Debug|Any CPU.Build.0 = Debug|Any CPU
		{28F31576-7EB7-4F3C-8953-7542BAEB27E5}.Release|Any CPU.ActiveCfg = Release|Any CPU
		{28F31576-7EB7-4F3C-8953-7542BAEB27E5}.Release|Any CPU.Build.0 = Release|Any CPU
	EndGlobalSection
	GlobalSection(SolutionProperties) = preSolution
		HideSolutionNode = FALSE
	EndGlobalSection
	GlobalSection(ExtensibilityGlobals) = postSolution
		SolutionGuid = {D2F17CC5-B25A-425C-A7EC-8E75A83E1539}
	EndGlobalSection
EndGlobal
